{
  "name": "triage",
  "version": "0.0.2",
  "dependencies": {
    "bluebird": {
      "version": "2.8.2",
      "from": "bluebird@2.8.2"
    },
    "cors": {
      "version": "2.5.3",
      "from": "cors@2.5.3",
      "dependencies": {
        "vary": {
          "version": "1.0.0",
          "from": "vary@^1"
        }
      }
    },
    "glob-require": {
      "version": "0.0.1",
      "from": "glob-require@0.0.1",
      "dependencies": {
        "glob": {
          "version": "3.2.9",
          "from": "glob@3.2.9",
          "dependencies": {
            "minimatch": {
              "version": "0.2.14",
              "from": "minimatch@~0.2.11",
              "dependencies": {
                "lru-cache": {
                  "version": "2.5.0",
                  "from": "lru-cache@2"
                },
                "sigmund": {
                  "version": "1.0.0",
                  "from": "sigmund@~1.0.0"
                }
              }
            },
            "inherits": {
              "version": "2.0.1",
              "from": "inherits@2"
            }
          }
        }
      }
    },
    "joi": {
      "version": "4.5.0",
      "from": "joi@4.5.0",
      "dependencies": {
        "hoek": {
          "version": "2.11.0",
          "from": "hoek@^2.2.x"
        },
        "topo": {
          "version": "1.0.2",
          "from": "topo@1.x.x"
        },
        "isemail": {
          "version": "0.1.2",
          "from": "isemail@0.1.x"
        }
      }
    }
  }
}
