{
  "name": "triage",
  "version": "0.0.0",
  "dependencies": {
    "bluebird": {
      "version": "1.2.4",
      "from": "bluebird@"
    },
    "cors": {
      "version": "2.3.1",
      "from": "cors@",
      "resolved": "https://registry.npmjs.org/cors/-/cors-2.3.1.tgz"
    },
    "glob-require": {
      "version": "0.0.1",
      "from": "glob-require@",
      "resolved": "https://registry.npmjs.org/glob-require/-/glob-require-0.0.1.tgz",
      "dependencies": {
        "glob": {
          "version": "3.2.9",
          "from": "glob@3.2.9",
          "resolved": "https://registry.npmjs.org/glob/-/glob-3.2.9.tgz",
          "dependencies": {
            "minimatch": {
              "version": "0.2.14",
              "from": "minimatch@~0.2.11",
              "dependencies": {
                "lru-cache": {
                  "version": "2.5.0",
                  "from": "lru-cache@2"
                },
                "sigmund": {
                  "version": "1.0.0",
                  "from": "sigmund@~1.0.0"
                }
              }
            },
            "inherits": {
              "version": "2.0.1",
              "from": "inherits@2"
            }
          }
        }
      }
    },
    "joi": {
      "version": "4.5.0",
      "from": "joi@",
      "dependencies": {
        "hoek": {
          "version": "2.3.0",
          "from": "hoek@^2.2.x"
        },
        "topo": {
          "version": "1.0.0",
          "from": "topo@1.x.x"
        },
        "isemail": {
          "version": "0.1.2",
          "from": "isemail@0.1.x"
        }
      }
    }
  }
}
