{
  "name": "triage",
  "version": "0.0.0",
  "dependencies": {
    "bluebird": {
      "version": "1.2.4",
      "from": "bluebird@"
    },
    "cors": {
      "version": "2.3.1",
      "from": "cors@",
      "resolved": "https://registry.npmjs.org/cors/-/cors-2.3.1.tgz"
    },
    "express": {
      "version": "4.4.0",
      "from": "express@",
      "resolved": "https://registry.npmjs.org/express/-/express-4.4.0.tgz",
      "dependencies": {
        "accepts": {
          "version": "1.0.2",
          "from": "accepts@1.0.2",
          "resolved": "https://registry.npmjs.org/accepts/-/accepts-1.0.2.tgz",
          "dependencies": {
            "mime": {
              "version": "1.2.11",
              "from": "mime@~1.2.11",
              "resolved": "https://registry.npmjs.org/mime/-/mime-1.2.11.tgz"
            },
            "negotiator": {
              "version": "0.4.5",
              "from": "negotiator@0.4.5",
              "resolved": "https://registry.npmjs.org/negotiator/-/negotiator-0.4.5.tgz"
            }
          }
        },
        "buffer-crc32": {
          "version": "0.2.1",
          "from": "buffer-crc32@0.2.1"
        },
        "parseurl": {
          "version": "1.0.1",
          "from": "parseurl@1.0.1"
        },
        "proxy-addr": {
          "version": "1.0.0",
          "from": "proxy-addr@1.0.0",
          "resolved": "https://registry.npmjs.org/proxy-addr/-/proxy-addr-1.0.0.tgz",
          "dependencies": {
            "ipaddr.js": {
              "version": "0.1.2",
              "from": "ipaddr.js@0.1.2",
              "resolved": "https://registry.npmjs.org/ipaddr.js/-/ipaddr.js-0.1.2.tgz"
            }
          }
        },
        "range-parser": {
          "version": "1.0.0",
          "from": "range-parser@1.0.0"
        },
        "send": {
          "version": "0.4.0",
          "from": "send@0.4.0",
          "resolved": "https://registry.npmjs.org/send/-/send-0.4.0.tgz",
          "dependencies": {
            "finished": {
              "version": "1.1.4",
              "from": "finished@1.1.4",
              "resolved": "https://registry.npmjs.org/finished/-/finished-1.1.4.tgz"
            },
            "mime": {
              "version": "1.2.11",
              "from": "mime@~1.2.11",
              "resolved": "https://registry.npmjs.org/mime/-/mime-1.2.11.tgz"
            }
          }
        },
        "type-is": {
          "version": "1.2.0",
          "from": "type-is@1.2.0",
          "resolved": "https://registry.npmjs.org/type-is/-/type-is-1.2.0.tgz",
          "dependencies": {
            "mime": {
              "version": "1.2.11",
              "from": "mime@~1.2.11",
              "resolved": "https://registry.npmjs.org/mime/-/mime-1.2.11.tgz"
            }
          }
        },
        "cookie": {
          "version": "0.1.2",
          "from": "cookie@0.1.2",
          "resolved": "https://registry.npmjs.org/cookie/-/cookie-0.1.2.tgz"
        },
        "fresh": {
          "version": "0.2.2",
          "from": "fresh@0.2.2"
        },
        "methods": {
          "version": "1.0.0",
          "from": "methods@1.0.0"
        },
        "cookie-signature": {
          "version": "1.0.3",
          "from": "cookie-signature@1.0.3"
        },
        "merge-descriptors": {
          "version": "0.0.2",
          "from": "merge-descriptors@0.0.2",
          "resolved": "https://registry.npmjs.org/merge-descriptors/-/merge-descriptors-0.0.2.tgz"
        },
        "utils-merge": {
          "version": "1.0.0",
          "from": "utils-merge@1.0.0"
        },
        "escape-html": {
          "version": "1.0.1",
          "from": "escape-html@1.0.1",
          "resolved": "https://registry.npmjs.org/escape-html/-/escape-html-1.0.1.tgz"
        },
        "qs": {
          "version": "0.6.6",
          "from": "qs@0.6.6"
        },
        "serve-static": {
          "version": "1.2.0",
          "from": "serve-static@1.2.0",
          "resolved": "https://registry.npmjs.org/serve-static/-/serve-static-1.2.0.tgz"
        },
        "path-to-regexp": {
          "version": "0.1.2",
          "from": "path-to-regexp@0.1.2",
          "resolved": "https://registry.npmjs.org/path-to-regexp/-/path-to-regexp-0.1.2.tgz"
        },
        "debug": {
          "version": "0.8.1",
          "from": "debug@0.8.1",
          "resolved": "https://registry.npmjs.org/debug/-/debug-0.8.1.tgz"
        }
      }
    },
    "glob-require": {
      "version": "0.0.1",
      "from": "glob-require@",
      "resolved": "https://registry.npmjs.org/glob-require/-/glob-require-0.0.1.tgz",
      "dependencies": {
        "glob": {
          "version": "3.2.9",
          "from": "glob@3.2.9",
          "resolved": "https://registry.npmjs.org/glob/-/glob-3.2.9.tgz",
          "dependencies": {
            "minimatch": {
              "version": "0.2.14",
              "from": "minimatch@~0.2.11",
              "dependencies": {
                "lru-cache": {
                  "version": "2.5.0",
                  "from": "lru-cache@2"
                },
                "sigmund": {
                  "version": "1.0.0",
                  "from": "sigmund@~1.0.0"
                }
              }
            },
            "inherits": {
              "version": "2.0.1",
              "from": "inherits@2"
            }
          }
        }
      }
    },
    "joi": {
      "version": "4.5.0",
      "from": "joi@",
      "dependencies": {
        "hoek": {
          "version": "2.3.0",
          "from": "hoek@^2.2.x"
        },
        "topo": {
          "version": "1.0.0",
          "from": "topo@1.x.x"
        },
        "isemail": {
          "version": "0.1.2",
          "from": "isemail@0.1.x"
        }
      }
    }
  }
}
